github.com/BurntSushi/toml v1.4.0 h1:kuoIxZQy2WRRk1pttg9asf+WVv6tWQuBNVmK8+nqPr0=
github.com/BurntSushi/toml v1.4.0/go.mod h1:ukJfTF/6rtPPRCnwkur4qwRxa8vTRFBF0uk2lLoLwho=
github.com/davecgh/go-spew v1.1.1 h1:vj9j/u1bqnvCEfJOwUhtlOARqs3+rkHYY13jYWTU97c=
github.com/davecgh/go-spew v1.1.1/go.mod h1:J7Y8YcW2NihsgmVo/mv3lAwl/skON4iLHjSsI+c5H38=
github.com/gopi-frame/contract v0.0.0-20240628085022-04f690d0496f h1:eJfCljUzA6yvVfZ+ZO8uvGrd/D2sPUjKJtVCfTs6b5A=
github.com/gopi-frame/contract v0.0.0-20240628085022-04f690d0496f/go.mod h1:M2ifC/cM/ki1lAqe45W3UlXsCxDVR9U0+eyr/IJAP48=
github.com/gopi-frame/contract/exception v0.0.0-20241028033443-ba86f7aad126 h1:vBvVdjVdetdzMdnbhrMDiUzXMVFXbN3GRO8YL0Nb3j0=
github.com/gopi-frame/contract/exception v0.0.0-20241028033443-ba86f7aad126/go.mod h1:VGwiCNZfvjXMVpdhoNwfSv1kcHg++tISmR618GWWvU4=
github.com/gopi-frame/contract/translator v0.0.0-20241028033443-ba86f7aad126 h1:BPyy8sLGmht/6y+p1/PJKwcrx0sAl0+0WZ8Uc5AVt4o=
github.com/gopi-frame/contract/translator v0.0.0-20241028033443-ba86f7aad126/go.mod h1:00Y4HwKHG6nS/fNouN47+OSiENdFeYcoF+uVVbFfMgk=
github.com/gopi-frame/exception v0.0.0-20240903061238-ba7913087614 h1:UD2zn5HwszIaOWiC2xXxj8lwbb7fbcl5uEo9Uvnfuc8=
github.com/gopi-frame/exception v0.0.0-20240903061238-ba7913087614/go.mod h1:IOrbC4fPmAXhSklaju5P4bHkedigdeU1/CJkge3Sm6A=
github.com/nicksnyder/go-i18n/v2 v2.4.1 h1:zwzjtX4uYyiaU02K5Ia3zSkpJZrByARkRB4V3YPrr0g=
github.com/nicksnyder/go-i18n/v2 v2.4.1/go.mod h1:++Pl70FR6Cki7hdzZRnEEqdc2dJt+SAGotyFg/SvZMk=
github.com/pmezard/go-difflib v1.0.0 h1:4DBwDE0NGyQoBHbLQYPwSUPoCMWR5BEzIk/f1lZbAQM=
github.com/pmezard/go-difflib v1.0.0/go.mod h1:iKH77koFhYxTK1pcRnkKkqfTogsbg7gZNVY4sRDYZ/4=
github.com/stretchr/testify v1.9.0 h1:HtqpIVDClZ4nwg75+f6Lvsy/wHu+3BoSGCbBAcpTsTg=
github.com/stretchr/testify v1.9.0/go.mod h1:r2ic/lqez/lEtzL7wO/rwa5dbSLXVDPFyf8C91i36aY=
golang.org/x/text v0.20.0 h1:gK/Kv2otX8gz+wn7Rmb3vT96ZwuoxnQlY+HlJVj7Qug=
golang.org/x/text v0.20.0/go.mod h1:D4IsuqiFMhST5bX19pQ9ikHC2GsaKyk/oF+pn3ducp4=
gopkg.in/check.v1 v0.0.0-20161208181325-20d25e280405 h1:yhCVgyC4o1eVCa2tZl7eS0r+SDo693bJlVdllGtEeKM=
gopkg.in/check.v1 v0.0.0-20161208181325-20d25e280405/go.mod h1:Co6ibVJAznAaIkqp8huTwlJQCZ016jof/cbN4VW5Yz0=
gopkg.in/yaml.v3 v3.0.1 h1:fxVm/GzAzEWqLHuvctI91KS9hhNmmWOoWu0XTYJS7CA=
gopkg.in/yaml.v3 v3.0.1/go.mod h1:K4uyk7z7BCEPqu6E+C64Yfv1cQ7kz7rIZviUmN+EgEM=
